github.com/kayuii/omnilayer-go v0.0.1 h1:7To3ui2IWf7NQaXOQmN9hJ6/bFG/xagYiACwEjCwGg4=
github.com/kayuii/omnilayer-go v0.0.1/go.mod h1:CBEDl8kdmZLyxvlKY5BeNh24ZqQrLoxQhq9Utfx8xiQ=
github.com/xiaods/omnilayer-go v0.0.0-20190425064226-d7ba892266ad h1:ZoQjdSTbirZj9jntWkCgFVtq0FsmqxrvXjgOqHHQZ8c=
github.com/xiaods/omnilayer-go v0.0.0-20190425064226-d7ba892266ad/go.mod h1:Ztg8OHbP166LeRUnyt3Xjjcxria7/Neijx4UyEjGxis=
